// !$*UTF8*$!
{
	archiveVersion = 1;
	classes = {
	};
	objectVersion = 77;
	objects = {

/* Begin PBXBuildFile section */
		17A672A72F17CA4100DE309B /* MusicColours Watch App.app in Embed Watch Content */ = {isa = PBXBuildFile; fileRef = 17A672A62F17CA4100DE309B /* MusicColours Watch App.app */; settings = {ATTRIBUTES = (RemoveHeadersOnCopy, ); }; };
		B00000000000000000000007 /* Music Colours/Assets.xcassets in Resources */ = {isa = PBXBuildFile; fileRef = F00000000000000000000005 /* Music Colours/Assets.xcassets */; };
		B00000000000000000000008 /* TrackStore.swift in Sources */ = {isa = PBXBuildFile; fileRef = F00000000000000000000006 /* TrackStore.swift */; };
		B00000000000000000000009 /* AvatarStore.swift in Sources */ = {isa = PBXBuildFile; fileRef = F00000000000000000000007 /* AvatarStore.swift */; };
		B00000000000000000000010 /* Music Colours/Assets.xcassets in Resources */ = {isa = PBXBuildFile; fileRef = F00000000000000000000005 /* Music Colours/Assets.xcassets */; };
		B00000000000000000000101 /* MusicColours Watch App/ContentView.swift in Sources */ = {isa = PBXBuildFile; fileRef = F00000000000000000000101 /* MusicColours Watch App/ContentView.swift */; };
		B00000000000000000000102 /* MusicColours Watch App/ControlPanelView.swift in Sources */ = {isa = PBXBuildFile; fileRef = F00000000000000000000102 /* MusicColours Watch App/ControlPanelView.swift */; };
		B00000000000000000000103 /* MusicColours Watch App/CountdownOverlay.swift in Sources */ = {isa = PBXBuildFile; fileRef = F00000000000000000000103 /* MusicColours Watch App/CountdownOverlay.swift */; };
		B00000000000000000000104 /* MusicColours Watch App/GameRules.swift in Sources */ = {isa = PBXBuildFile; fileRef = F00000000000000000000104 /* MusicColours Watch App/GameRules.swift */; };
		B00000000000000000000105 /* MusicColours Watch App/HapticPlayer.swift in Sources */ = {isa = PBXBuildFile; fileRef = F00000000000000000000105 /* MusicColours Watch App/HapticPlayer.swift */; };
		B00000000000000000000106 /* MusicColours Watch App/RobotAvatarView.swift in Sources */ = {isa = PBXBuildFile; fileRef = F00000000000000000000106 /* MusicColours Watch App/RobotAvatarView.swift */; };
		B00000000000000000000107 /* MusicColours Watch App/RobotPetIcon.swift in Sources */ = {isa = PBXBuildFile; fileRef = F00000000000000000000107 /* MusicColours Watch App/RobotPetIcon.swift */; };
		B00000000000000000000108 /* MusicColours Watch App/SpriteSheetAnimator.swift in Sources */ = {isa = PBXBuildFile; fileRef = F00000000000000000000108 /* MusicColours Watch App/SpriteSheetAnimator.swift */; };
		B00000000000000000000109 /* MusicColours Watch App/WatchSyncManager.swift in Sources */ = {isa = PBXBuildFile; fileRef = F00000000000000000000109 /* MusicColours Watch App/WatchSyncManager.swift */; };
		B00000000000000000000110 /* MusicColours Watch App/SpriteSheets in Resources */ = {isa = PBXBuildFile; fileRef = F00000000000000000000110 /* MusicColours Watch App/SpriteSheets */; };
		B00000000000000000000111 /* MusicColours Watch App/SoundTracks in Resources */ = {isa = PBXBuildFile; fileRef = F00000000000000000000111 /* MusicColours Watch App/SoundTracks */; };
		B00000000000000000000112 /* MusicColours Watch App/Ekran_startowy.png in Resources */ = {isa = PBXBuildFile; fileRef = F00000000000000000000112 /* MusicColours Watch App/Ekran_startowy.png */; };
		B00000000000000000000113 /* MusicColours Watch App/background_musicColours.png in Resources */ = {isa = PBXBuildFile; fileRef = F00000000000000000000113 /* MusicColours Watch App/background_musicColours.png */; };
		B00000000000000000000114 /* MusicColours Watch App/Logo_without_text.png in Resources */ = {isa = PBXBuildFile; fileRef = F00000000000000000000114 /* MusicColours Watch App/Logo_without_text.png */; };
		B00000000000000000000115 /* MusicColours Watch App/gift_open.mp3 in Resources */ = {isa = PBXBuildFile; fileRef = F00000000000000000000115 /* MusicColours Watch App/gift_open.mp3 */; };
		B00000000000000000000116 /* MusicColours Watch App/tada-fanfare.mp3 in Resources */ = {isa = PBXBuildFile; fileRef = F00000000000000000000116 /* MusicColours Watch App/tada-fanfare.mp3 */; };
		B00000000000000000000117 /* MusicColours Watch App/fail.mp3 in Resources */ = {isa = PBXBuildFile; fileRef = F00000000000000000000117 /* MusicColours Watch App/fail.mp3 */; };
/* End PBXBuildFile section */

/* Begin PBXContainerItemProxy section */
		17A672A82F17CA4100DE309B /* PBXContainerItemProxy */ = {
			isa = PBXContainerItemProxy;
			containerPortal = 17A6729A2F17CA4000DE309B /* Project object */;
			proxyType = 1;
			remoteGlobalIDString = 17A672A52F17CA4100DE309B;
			remoteInfo = "NewColours Watch App";
		};
		88FCFC69E25E4EC2A422E203 /* PBXContainerItemProxy */ = {
			isa = PBXContainerItemProxy;
			containerPortal = 17A6729A2F17CA4000DE309B /* Project object */;
			proxyType = 1;
			remoteGlobalIDString = 17A672A52F17CA4100DE309B;
			remoteInfo = "MusicColours Watch App";
		};
		A87740486AEC4233B6D2B3FB /* PBXContainerItemProxy */ = {
			isa = PBXContainerItemProxy;
			containerPortal = 17A6729A2F17CA4000DE309B /* Project object */;
			proxyType = 1;
			remoteGlobalIDString = 17A672A52F17CA4100DE309B;
			remoteInfo = "MusicColours Watch App";
		};
/* End PBXContainerItemProxy section */

/* Begin PBXCopyFilesBuildPhase section */
		17A672B62F17CA4200DE309B /* Embed Watch Content */ = {
			isa = PBXCopyFilesBuildPhase;
			buildActionMask = 2147483647;
			dstPath = "$(CONTENTS_FOLDER_PATH)/Watch";
			dstSubfolderSpec = 16;
			files = (
				17A672A72F17CA4100DE309B /* MusicColours Watch App.app in Embed Watch Content */,
			);
			name = "Embed Watch Content";
			runOnlyForDeploymentPostprocessing = 0;
		};
/* End PBXCopyFilesBuildPhase section */

/* Begin PBXFileReference section */
		1771CC792F37DAE300E1F036 /* MusicColoursIOS.app */ = {isa = PBXFileReference; explicitFileType = wrapper.application; includeInIndex = 0; path = MusicColoursIOS.app; sourceTree = BUILT_PRODUCTS_DIR; };
		17A672A02F17CA4100DE309B /* MusicColours.app */ = {isa = PBXFileReference; explicitFileType = wrapper.application; includeInIndex = 0; path = MusicColours.app; sourceTree = BUILT_PRODUCTS_DIR; };
		17A672A62F17CA4100DE309B /* MusicColours Watch App.app */ = {isa = PBXFileReference; explicitFileType = wrapper.application; includeInIndex = 0; path = "MusicColours Watch App.app"; sourceTree = BUILT_PRODUCTS_DIR; };
		E4E0DD00DF6C4F73B75C744B /* MusicColoursUITests.xctest */ = {isa = PBXFileReference; explicitFileType = wrapper.cfbundle; includeInIndex = 0; path = MusicColoursUITests.xctest; sourceTree = BUILT_PRODUCTS_DIR; };
		F00000000000000000000001 /* MusicColours iOS/MusicColours_iOSApp.swift */ = {isa = PBXFileReference; lastKnownFileType = sourcecode.swift; path = "MusicColours iOS/MusicColours_iOSApp.swift"; sourceTree = "<group>"; };
		F00000000000000000000002 /* MusicColours iOS/iOSContentView.swift */ = {isa = PBXFileReference; lastKnownFileType = sourcecode.swift; path = "MusicColours iOS/iOSContentView.swift"; sourceTree = "<group>"; };
		F00000000000000000000003 /* MusicColours iOS/iOSSyncManager.swift */ = {isa = PBXFileReference; lastKnownFileType = sourcecode.swift; path = "MusicColours iOS/iOSSyncManager.swift"; sourceTree = "<group>"; };
		F00000000000000000000004 /* MusicColours iOS/DocumentPicker.swift */ = {isa = PBXFileReference; lastKnownFileType = sourcecode.swift; path = "MusicColours iOS/DocumentPicker.swift"; sourceTree = "<group>"; };
		F00000000000000000000005 /* Music Colours/Assets.xcassets */ = {isa = PBXFileReference; lastKnownFileType = folder.assetcatalog; path = "Music Colours/Assets.xcassets"; sourceTree = SOURCE_ROOT; };
		F00000000000000000000006 /* TrackStore.swift */ = {isa = PBXFileReference; lastKnownFileType = sourcecode.swift; path = TrackStore.swift; sourceTree = "<group>"; };
		F00000000000000000000007 /* AvatarStore.swift */ = {isa = PBXFileReference; lastKnownFileType = sourcecode.swift; path = AvatarStore.swift; sourceTree = "<group>"; };
		F00000000000000000000101 /* MusicColours Watch App/ContentView.swift */ = {isa = PBXFileReference; lastKnownFileType = sourcecode.swift; path = "MusicColours Watch App/ContentView.swift"; sourceTree = SOURCE_ROOT; };
		F00000000000000000000102 /* MusicColours Watch App/ControlPanelView.swift */ = {isa = PBXFileReference; lastKnownFileType = sourcecode.swift; path = "MusicColours Watch App/ControlPanelView.swift"; sourceTree = SOURCE_ROOT; };
		F00000000000000000000103 /* MusicColours Watch App/CountdownOverlay.swift */ = {isa = PBXFileReference; lastKnownFileType = sourcecode.swift; path = "MusicColours Watch App/CountdownOverlay.swift"; sourceTree = SOURCE_ROOT; };
		F00000000000000000000104 /* MusicColours Watch App/GameRules.swift */ = {isa = PBXFileReference; lastKnownFileType = sourcecode.swift; path = "MusicColours Watch App/GameRules.swift"; sourceTree = SOURCE_ROOT; };
		F00000000000000000000105 /* MusicColours Watch App/HapticPlayer.swift */ = {isa = PBXFileReference; lastKnownFileType = sourcecode.swift; path = "MusicColours Watch App/HapticPlayer.swift"; sourceTree = SOURCE_ROOT; };
		F00000000000000000000106 /* MusicColours Watch App/RobotAvatarView.swift */ = {isa = PBXFileReference; lastKnownFileType = sourcecode.swift; path = "MusicColours Watch App/RobotAvatarView.swift"; sourceTree = SOURCE_ROOT; };
		F00000000000000000000107 /* MusicColours Watch App/RobotPetIcon.swift */ = {isa = PBXFileReference; lastKnownFileType = sourcecode.swift; path = "MusicColours Watch App/RobotPetIcon.swift"; sourceTree = SOURCE_ROOT; };
		F00000000000000000000108 /* MusicColours Watch App/SpriteSheetAnimator.swift */ = {isa = PBXFileReference; lastKnownFileType = sourcecode.swift; path = "MusicColours Watch App/SpriteSheetAnimator.swift"; sourceTree = SOURCE_ROOT; };
		F00000000000000000000109 /* MusicColours Watch App/WatchSyncManager.swift */ = {isa = PBXFileReference; lastKnownFileType = sourcecode.swift; path = "MusicColours Watch App/WatchSyncManager.swift"; sourceTree = SOURCE_ROOT; };
		F00000000000000000000110 /* MusicColours Watch App/SpriteSheets */ = {isa = PBXFileReference; lastKnownFileType = folder; path = "MusicColours Watch App/SpriteSheets"; sourceTree = SOURCE_ROOT; };
		F00000000000000000000111 /* MusicColours Watch App/SoundTracks */ = {isa = PBXFileReference; lastKnownFileType = folder; path = "MusicColours Watch App/SoundTracks"; sourceTree = SOURCE_ROOT; };
		F00000000000000000000112 /* MusicColours Watch App/Ekran_startowy.png */ = {isa = PBXFileReference; lastKnownFileType = image.png; path = "MusicColours Watch App/Ekran_startowy.png"; sourceTree = SOURCE_ROOT; };
		F00000000000000000000113 /* MusicColours Watch App/background_musicColours.png */ = {isa = PBXFileReference; lastKnownFileType = image.png; path = "MusicColours Watch App/background_musicColours.png"; sourceTree = SOURCE_ROOT; };
		F00000000000000000000114 /* MusicColours Watch App/Logo_without_text.png */ = {isa = PBXFileReference; lastKnownFileType = image.png; path = "MusicColours Watch App/Logo_without_text.png"; sourceTree = SOURCE_ROOT; };
		F00000000000000000000115 /* MusicColours Watch App/gift_open.mp3 */ = {isa = PBXFileReference; lastKnownFileType = audio.mp3; path = "MusicColours Watch App/gift_open.mp3"; sourceTree = SOURCE_ROOT; };
		F00000000000000000000116 /* MusicColours Watch App/tada-fanfare.mp3 */ = {isa = PBXFileReference; lastKnownFileType = audio.mp3; path = "MusicColours Watch App/tada-fanfare.mp3"; sourceTree = SOURCE_ROOT; };
		F00000000000000000000117 /* MusicColours Watch App/fail.mp3 */ = {isa = PBXFileReference; lastKnownFileType = audio.mp3; path = "MusicColours Watch App/fail.mp3"; sourceTree = SOURCE_ROOT; };
		F71C0562D8714D3CBF9F9C5A /* MusicColoursTests.xctest */ = {isa = PBXFileReference; explicitFileType = wrapper.cfbundle; includeInIndex = 0; path = MusicColoursTests.xctest; sourceTree = BUILT_PRODUCTS_DIR; };
/* End PBXFileReference section */

/* Begin PBXFileSystemSynchronizedBuildFileExceptionSet section */
		1750C9502F1AEF670098C9F8 /* Exceptions for "MusicColours Watch App" folder in "MusicColours Watch App" target */ = {
			isa = PBXFileSystemSynchronizedBuildFileExceptionSet;
			membershipExceptions = (
				Logo_pulsate_delogo.MP4,
			);
			target = 17A672A52F17CA4100DE309B /* MusicColours Watch App */;
		};
/* End PBXFileSystemSynchronizedBuildFileExceptionSet section */

/* Begin PBXFileSystemSynchronizedRootGroup section */
		1771CC7A2F37DAE300E1F036 /* Music Colours */ = {
			isa = PBXFileSystemSynchronizedRootGroup;
			path = "Music Colours";
			sourceTree = "<group>";
		};
		17A672AA2F17CA4100DE309B /* MusicColours Watch App */ = {
			isa = PBXFileSystemSynchronizedRootGroup;
			exceptions = (
				1750C9502F1AEF670098C9F8 /* Exceptions for "MusicColours Watch App" folder in "MusicColours Watch App" target */,
			);
			path = "MusicColours Watch App";
			sourceTree = "<group>";
		};
		4393EAFA9E6C478EA3437293 /* MusicColoursUITests */ = {
			isa = PBXFileSystemSynchronizedRootGroup;
			path = MusicColoursUITests;
			sourceTree = "<group>";
		};
		6A4D9364C2084719817DD501 /* MusicColoursTests */ = {
			isa = PBXFileSystemSynchronizedRootGroup;
			path = MusicColoursTests;
			sourceTree = "<group>";
		};
/* End PBXFileSystemSynchronizedRootGroup section */

/* Begin PBXFrameworksBuildPhase section */
		1771CC762F37DAE300E1F036 /* Frameworks */ = {
			isa = PBXFrameworksBuildPhase;
			buildActionMask = 2147483647;
			files = (
			);
			runOnlyForDeploymentPostprocessing = 0;
		};
		17A672A32F17CA4100DE309B /* Frameworks */ = {
			isa = PBXFrameworksBuildPhase;
			buildActionMask = 2147483647;
			files = (
			);
			runOnlyForDeploymentPostprocessing = 0;
		};
		F3CF19C4CA0E4B7B873CABBE /* Frameworks */ = {
			isa = PBXFrameworksBuildPhase;
			buildActionMask = 2147483647;
			files = (
			);
			runOnlyForDeploymentPostprocessing = 0;
		};
		F5335FEF5724473E9004AB13 /* Frameworks */ = {
			isa = PBXFrameworksBuildPhase;
			buildActionMask = 2147483647;
			files = (
			);
			runOnlyForDeploymentPostprocessing = 0;
		};
/* End PBXFrameworksBuildPhase section */

/* Begin PBXGroup section */
		1771D0EF2F39123B00E1F036 /* Recovered References */ = {
			isa = PBXGroup;
			children = (
				F00000000000000000000101 /* MusicColours Watch App/ContentView.swift */,
				F00000000000000000000102 /* MusicColours Watch App/ControlPanelView.swift */,
				F00000000000000000000103 /* MusicColours Watch App/CountdownOverlay.swift */,
				F00000000000000000000104 /* MusicColours Watch App/GameRules.swift */,
				F00000000000000000000105 /* MusicColours Watch App/HapticPlayer.swift */,
				F00000000000000000000106 /* MusicColours Watch App/RobotAvatarView.swift */,
				F00000000000000000000107 /* MusicColours Watch App/RobotPetIcon.swift */,
				F00000000000000000000108 /* MusicColours Watch App/SpriteSheetAnimator.swift */,
				F00000000000000000000109 /* MusicColours Watch App/WatchSyncManager.swift */,
				F00000000000000000000110 /* MusicColours Watch App/SpriteSheets */,
				F00000000000000000000111 /* MusicColours Watch App/SoundTracks */,
				F00000000000000000000112 /* MusicColours Watch App/Ekran_startowy.png */,
				F00000000000000000000113 /* MusicColours Watch App/background_musicColours.png */,
				F00000000000000000000114 /* MusicColours Watch App/Logo_without_text.png */,
				F00000000000000000000115 /* MusicColours Watch App/gift_open.mp3 */,
				F00000000000000000000116 /* MusicColours Watch App/tada-fanfare.mp3 */,
				F00000000000000000000117 /* MusicColours Watch App/fail.mp3 */,
			);
			name = "Recovered References";
			sourceTree = "<group>";
		};
		17A672992F17CA4000DE309B = {
			isa = PBXGroup;
			children = (
				G00000000000000000000001 /* MusicColours iOS */,
				G00000000000000000000002 /* Shared */,
				17A672AA2F17CA4100DE309B /* MusicColours Watch App */,
				6A4D9364C2084719817DD501 /* MusicColoursTests */,
				4393EAFA9E6C478EA3437293 /* MusicColoursUITests */,
				1771CC7A2F37DAE300E1F036 /* Music Colours */,
				17A672A12F17CA4100DE309B /* Products */,
				1771D0EF2F39123B00E1F036 /* Recovered References */,
			);
			sourceTree = "<group>";
		};
		17A672A12F17CA4100DE309B /* Products */ = {
			isa = PBXGroup;
			children = (
				17A672A02F17CA4100DE309B /* MusicColours.app */,
				17A672A62F17CA4100DE309B /* MusicColours Watch App.app */,
				F71C0562D8714D3CBF9F9C5A /* MusicColoursTests.xctest */,
				E4E0DD00DF6C4F73B75C744B /* MusicColoursUITests.xctest */,
				1771CC792F37DAE300E1F036 /* MusicColoursIOS.app */,
			);
			name = Products;
			sourceTree = "<group>";
		};
		G00000000000000000000001 /* MusicColours iOS */ = {
			isa = PBXGroup;
			children = (
				F00000000000000000000005 /* Music Colours/Assets.xcassets */,
				F00000000000000000000001 /* MusicColours iOS/MusicColours_iOSApp.swift */,
				F00000000000000000000002 /* MusicColours iOS/iOSContentView.swift */,
				F00000000000000000000003 /* MusicColours iOS/iOSSyncManager.swift */,
				F00000000000000000000004 /* MusicColours iOS/DocumentPicker.swift */,
			);
			path = "MusicColours iOS";
			sourceTree = "<group>";
		};
		G00000000000000000000002 /* Shared */ = {
			isa = PBXGroup;
			children = (
				F00000000000000000000006 /* TrackStore.swift */,
				F00000000000000000000007 /* AvatarStore.swift */,
			);
			path = Shared;
			sourceTree = "<group>";
		};
/* End PBXGroup section */

/* Begin PBXNativeTarget section */
		0AF53E4AE1DF4865AA9865A9 /* MusicColoursUITests */ = {
			isa = PBXNativeTarget;
			buildConfigurationList = C9A57D32004740E7928E5BF6 /* Build configuration list for PBXNativeTarget "MusicColoursUITests" */;
			buildPhases = (
				4A7B522A1DEF4BEBA9DCEC7A /* Sources */,
				F5335FEF5724473E9004AB13 /* Frameworks */,
				D0CA5297B46D4035868585CD /* Resources */,
			);
			buildRules = (
			);
			dependencies = (
				36A2CBAB030A4C51BE5F70FD /* PBXTargetDependency */,
			);
			fileSystemSynchronizedGroups = (
				4393EAFA9E6C478EA3437293 /* MusicColoursUITests */,
			);
			name = MusicColoursUITests;
			packageProductDependencies = (
			);
			productName = MusicColoursUITests;
			productReference = E4E0DD00DF6C4F73B75C744B /* MusicColoursUITests.xctest */;
			productType = "com.apple.product-type.bundle.ui-testing";
		};
		1771CC782F37DAE300E1F036 /* MusicColoursIOS */ = {
			isa = PBXNativeTarget;
			buildConfigurationList = 1771CC832F37DAE500E1F036 /* Build configuration list for PBXNativeTarget "MusicColoursIOS" */;
			buildPhases = (
				1771CC752F37DAE300E1F036 /* Sources */,
				1771CC762F37DAE300E1F036 /* Frameworks */,
				1771CC772F37DAE300E1F036 /* Resources */,
			);
			buildRules = (
			);
			dependencies = (
			);
			fileSystemSynchronizedGroups = (
				1771CC7A2F37DAE300E1F036 /* Music Colours */,
			);
			name = MusicColoursIOS;
			packageProductDependencies = (
			);
			productName = "Music Colours";
			productReference = 1771CC792F37DAE300E1F036 /* MusicColoursIOS.app */;
			productType = "com.apple.product-type.application";
		};
		17A6729F2F17CA4100DE309B /* MusicColours */ = {
			isa = PBXNativeTarget;
			buildConfigurationList = 17A672B72F17CA4200DE309B /* Build configuration list for PBXNativeTarget "MusicColours" */;
			buildPhases = (
				17A6729E2F17CA4100DE309B /* Resources */,
				17A672B62F17CA4200DE309B /* Embed Watch Content */,
			);
			buildRules = (
			);
			dependencies = (
				17A672A92F17CA4100DE309B /* PBXTargetDependency */,
			);
			name = MusicColours;
			packageProductDependencies = (
			);
			productName = NewColours;
			productReference = 17A672A02F17CA4100DE309B /* MusicColours.app */;
			productType = "com.apple.product-type.application.watchapp2-container";
		};
		17A672A52F17CA4100DE309B /* MusicColours Watch App */ = {
			isa = PBXNativeTarget;
			buildConfigurationList = 17A672B32F17CA4200DE309B /* Build configuration list for PBXNativeTarget "MusicColours Watch App" */;
			buildPhases = (
				17A672A22F17CA4100DE309B /* Sources */,
				17A672A32F17CA4100DE309B /* Frameworks */,
				17A672A42F17CA4100DE309B /* Resources */,
			);
			buildRules = (
			);
			dependencies = (
			);
			fileSystemSynchronizedGroups = (
				17A672AA2F17CA4100DE309B /* MusicColours Watch App */,
			);
			name = "MusicColours Watch App";
			packageProductDependencies = (
			);
			productName = "NewColours Watch App";
			productReference = 17A672A62F17CA4100DE309B /* MusicColours Watch App.app */;
			productType = "com.apple.product-type.application";
		};
		909091B13E3A4EDE83CAF5C7 /* MusicColoursTests */ = {
			isa = PBXNativeTarget;
			buildConfigurationList = 084D3745845A4785AAF34248 /* Build configuration list for PBXNativeTarget "MusicColoursTests" */;
			buildPhases = (
				D9FB1C4EE680401A83F73C59 /* Sources */,
				F3CF19C4CA0E4B7B873CABBE /* Frameworks */,
				1852D2B3BB3C438E9D5C2700 /* Resources */,
			);
			buildRules = (
			);
			dependencies = (
				5FB7927881C042429D82247C /* PBXTargetDependency */,
			);
			fileSystemSynchronizedGroups = (
				6A4D9364C2084719817DD501 /* MusicColoursTests */,
			);
			name = MusicColoursTests;
			packageProductDependencies = (
			);
			productName = MusicColoursTests;
			productReference = F71C0562D8714D3CBF9F9C5A /* MusicColoursTests.xctest */;
			productType = "com.apple.product-type.bundle.unit-test";
		};
/* End PBXNativeTarget section */

/* Begin PBXProject section */
		17A6729A2F17CA4000DE309B /* Project object */ = {
			isa = PBXProject;
			attributes = {
				BuildIndependentTargetsInParallel = 1;
				LastSwiftUpdateCheck = 2620;
				LastUpgradeCheck = 2620;
				TargetAttributes = {
					0AF53E4AE1DF4865AA9865A9 = {
						CreatedOnToolsVersion = 26.2;
					};
					1771CC782F37DAE300E1F036 = {
						CreatedOnToolsVersion = 26.2;
					};
					17A6729F2F17CA4100DE309B = {
						CreatedOnToolsVersion = 26.2;
					};
					17A672A52F17CA4100DE309B = {
						CreatedOnToolsVersion = 26.2;
					};
					909091B13E3A4EDE83CAF5C7 = {
						CreatedOnToolsVersion = 26.2;
					};
				};
			};
			buildConfigurationList = 17A6729D2F17CA4000DE309B /* Build configuration list for PBXProject "MusicColours" */;
			developmentRegion = en;
			hasScannedForEncodings = 0;
			knownRegions = (
				en,
				Base,
			);
			mainGroup = 17A672992F17CA4000DE309B;
			minimizedProjectReferenceProxies = 1;
			preferredProjectObjectVersion = 77;
			productRefGroup = 17A672A12F17CA4100DE309B /* Products */;
			projectDirPath = "";
			projectRoot = "";
			targets = (
				17A6729F2F17CA4100DE309B /* MusicColours */,
				17A672A52F17CA4100DE309B /* MusicColours Watch App */,
				909091B13E3A4EDE83CAF5C7 /* MusicColoursTests */,
				0AF53E4AE1DF4865AA9865A9 /* MusicColoursUITests */,
				1771CC782F37DAE300E1F036 /* MusicColoursIOS */,
			);
		};
/* End PBXProject section */

/* Begin PBXResourcesBuildPhase section */
		1771CC772F37DAE300E1F036 /* Resources */ = {
			isa = PBXResourcesBuildPhase;
			buildActionMask = 2147483647;
			files = (
				B00000000000000000000007 /* Music Colours/Assets.xcassets in Resources */,
				B00000000000000000000110 /* MusicColours Watch App/SpriteSheets in Resources */,
				B00000000000000000000111 /* MusicColours Watch App/SoundTracks in Resources */,
				B00000000000000000000112 /* MusicColours Watch App/Ekran_startowy.png in Resources */,
				B00000000000000000000113 /* MusicColours Watch App/background_musicColours.png in Resources */,
				B00000000000000000000114 /* MusicColours Watch App/Logo_without_text.png in Resources */,
				B00000000000000000000115 /* MusicColours Watch App/gift_open.mp3 in Resources */,
				B00000000000000000000116 /* MusicColours Watch App/tada-fanfare.mp3 in Resources */,
				B00000000000000000000117 /* MusicColours Watch App/fail.mp3 in Resources */,
			);
			runOnlyForDeploymentPostprocessing = 0;
		};
		17A6729E2F17CA4100DE309B /* Resources */ = {
			isa = PBXResourcesBuildPhase;
			buildActionMask = 2147483647;
			files = (
				B00000000000000000000010 /* Music Colours/Assets.xcassets in Resources */,
			);
			runOnlyForDeploymentPostprocessing = 0;
		};
		17A672A42F17CA4100DE309B /* Resources */ = {
			isa = PBXResourcesBuildPhase;
			buildActionMask = 2147483647;
			files = (
			);
			runOnlyForDeploymentPostprocessing = 0;
		};
		1852D2B3BB3C438E9D5C2700 /* Resources */ = {
			isa = PBXResourcesBuildPhase;
			buildActionMask = 2147483647;
			files = (
			);
			runOnlyForDeploymentPostprocessing = 0;
		};
		D0CA5297B46D4035868585CD /* Resources */ = {
			isa = PBXResourcesBuildPhase;
			buildActionMask = 2147483647;
			files = (
			);
			runOnlyForDeploymentPostprocessing = 0;
		};
/* End PBXResourcesBuildPhase section */

/* Begin PBXSourcesBuildPhase section */
		1771CC752F37DAE300E1F036 /* Sources */ = {
			isa = PBXSourcesBuildPhase;
			buildActionMask = 2147483647;
			files = (
				B00000000000000000000101 /* MusicColours Watch App/ContentView.swift in Sources */,
				B00000000000000000000102 /* MusicColours Watch App/ControlPanelView.swift in Sources */,
				B00000000000000000000103 /* MusicColours Watch App/CountdownOverlay.swift in Sources */,
				B00000000000000000000104 /* MusicColours Watch App/GameRules.swift in Sources */,
				B00000000000000000000105 /* MusicColours Watch App/HapticPlayer.swift in Sources */,
				B00000000000000000000106 /* MusicColours Watch App/RobotAvatarView.swift in Sources */,
				B00000000000000000000107 /* MusicColours Watch App/RobotPetIcon.swift in Sources */,
				B00000000000000000000108 /* MusicColours Watch App/SpriteSheetAnimator.swift in Sources */,
				B00000000000000000000109 /* MusicColours Watch App/WatchSyncManager.swift in Sources */,
			);
			runOnlyForDeploymentPostprocessing = 0;
		};
		17A672A22F17CA4100DE309B /* Sources */ = {
			isa = PBXSourcesBuildPhase;
			buildActionMask = 2147483647;
			files = (
				B00000000000000000000008 /* TrackStore.swift in Sources */,
				B00000000000000000000009 /* AvatarStore.swift in Sources */,
			);
			runOnlyForDeploymentPostprocessing = 0;
		};
		4A7B522A1DEF4BEBA9DCEC7A /* Sources */ = {
			isa = PBXSourcesBuildPhase;
			buildActionMask = 2147483647;
			files = (
			);
			runOnlyForDeploymentPostprocessing = 0;
		};
		D9FB1C4EE680401A83F73C59 /* Sources */ = {
			isa = PBXSourcesBuildPhase;
			buildActionMask = 2147483647;
			files = (
			);
			runOnlyForDeploymentPostprocessing = 0;
		};
/* End PBXSourcesBuildPhase section */

/* Begin PBXTargetDependency section */
		17A672A92F17CA4100DE309B /* PBXTargetDependency */ = {
			isa = PBXTargetDependency;
			target = 17A672A52F17CA4100DE309B /* MusicColours Watch App */;
			targetProxy = 17A672A82F17CA4100DE309B /* PBXContainerItemProxy */;
		};
		36A2CBAB030A4C51BE5F70FD /* PBXTargetDependency */ = {
			isa = PBXTargetDependency;
			target = 17A672A52F17CA4100DE309B /* MusicColours Watch App */;
			targetProxy = A87740486AEC4233B6D2B3FB /* PBXContainerItemProxy */;
		};
		5FB7927881C042429D82247C /* PBXTargetDependency */ = {
			isa = PBXTargetDependency;
			target = 17A672A52F17CA4100DE309B /* MusicColours Watch App */;
			targetProxy = 88FCFC69E25E4EC2A422E203 /* PBXContainerItemProxy */;
		};
/* End PBXTargetDependency section */

/* Begin XCBuildConfiguration section */
		1771CC812F37DAE500E1F036 /* Debug */ = {
			isa = XCBuildConfiguration;
			buildSettings = {
				ASSETCATALOG_COMPILER_APPICON_NAME = AppIcon;
				ASSETCATALOG_COMPILER_GLOBAL_ACCENT_COLOR_NAME = AccentColor;
				CODE_SIGN_STYLE = Automatic;
				CURRENT_PROJECT_VERSION = 1;
				DEVELOPMENT_TEAM = KM4ATH56TL;
				ENABLE_PREVIEWS = YES;
				GENERATE_INFOPLIST_FILE = YES;
				INFOPLIST_KEY_CFBundleIconName = AppIcon;
				INFOPLIST_KEY_UIApplicationSceneManifest_Generation = YES;
				INFOPLIST_KEY_UIApplicationSupportsIndirectInputEvents = YES;
				INFOPLIST_KEY_UILaunchScreen_Generation = YES;
				INFOPLIST_KEY_UISupportedInterfaceOrientations_iPad = "UIInterfaceOrientationPortrait UIInterfaceOrientationPortraitUpsideDown UIInterfaceOrientationLandscapeLeft UIInterfaceOrientationLandscapeRight";
				INFOPLIST_KEY_UISupportedInterfaceOrientations_iPhone = "UIInterfaceOrientationPortrait UIInterfaceOrientationLandscapeLeft UIInterfaceOrientationLandscapeRight";
				IPHONEOS_DEPLOYMENT_TARGET = 26.2;
				LD_RUNPATH_SEARCH_PATHS = (
					"$(inherited)",
					"@executable_path/Frameworks",
				);
				MARKETING_VERSION = 1.0;
				PRODUCT_BUNDLE_IDENTIFIER = "Webaby.Music-Colours";
				PRODUCT_NAME = "$(TARGET_NAME)";
				SDKROOT = iphoneos;
				STRING_CATALOG_GENERATE_SYMBOLS = YES;
				SWIFT_APPROACHABLE_CONCURRENCY = YES;
				SWIFT_DEFAULT_ACTOR_ISOLATION = MainActor;
				SWIFT_EMIT_LOC_STRINGS = YES;
				SWIFT_UPCOMING_FEATURE_MEMBER_IMPORT_VISIBILITY = YES;
				SWIFT_VERSION = 5.0;
				TARGETED_DEVICE_FAMILY = 1;
			};
			name = Debug;
		};
		1771CC822F37DAE500E1F036 /* Release */ = {
			isa = XCBuildConfiguration;
			buildSettings = {
				ASSETCATALOG_COMPILER_APPICON_NAME = AppIcon;
				ASSETCATALOG_COMPILER_GLOBAL_ACCENT_COLOR_NAME = AccentColor;
				CODE_SIGN_STYLE = Automatic;
				CURRENT_PROJECT_VERSION = 1;
				DEVELOPMENT_TEAM = KM4ATH56TL;
				ENABLE_PREVIEWS = YES;
				GENERATE_INFOPLIST_FILE = YES;
				INFOPLIST_KEY_CFBundleIconName = AppIcon;
				INFOPLIST_KEY_UIApplicationSceneManifest_Generation = YES;
				INFOPLIST_KEY_UIApplicationSupportsIndirectInputEvents = YES;
				INFOPLIST_KEY_UILaunchScreen_Generation = YES;
				INFOPLIST_KEY_UISupportedInterfaceOrientations_iPad = "UIInterfaceOrientationPortrait UIInterfaceOrientationPortraitUpsideDown UIInterfaceOrientationLandscapeLeft UIInterfaceOrientationLandscapeRight";
				INFOPLIST_KEY_UISupportedInterfaceOrientations_iPhone = "UIInterfaceOrientationPortrait UIInterfaceOrientationLandscapeLeft UIInterfaceOrientationLandscapeRight";
				IPHONEOS_DEPLOYMENT_TARGET = 26.2;
				LD_RUNPATH_SEARCH_PATHS = (
					"$(inherited)",
					"@executable_path/Frameworks",
				);
				MARKETING_VERSION = 1.0;
				PRODUCT_BUNDLE_IDENTIFIER = "Webaby.Music-Colours";
				PRODUCT_NAME = "$(TARGET_NAME)";
				SDKROOT = iphoneos;
				STRING_CATALOG_GENERATE_SYMBOLS = YES;
				SWIFT_APPROACHABLE_CONCURRENCY = YES;
				SWIFT_DEFAULT_ACTOR_ISOLATION = MainActor;
				SWIFT_EMIT_LOC_STRINGS = YES;
				SWIFT_UPCOMING_FEATURE_MEMBER_IMPORT_VISIBILITY = YES;
				SWIFT_VERSION = 5.0;
				TARGETED_DEVICE_FAMILY = 1;
				VALIDATE_PRODUCT = YES;
			};
			name = Release;
		};
		17A672B12F17CA4200DE309B /* Debug */ = {
			isa = XCBuildConfiguration;
			buildSettings = {
				ALWAYS_SEARCH_USER_PATHS = NO;
				ASSETCATALOG_COMPILER_GENERATE_SWIFT_ASSET_SYMBOL_EXTENSIONS = YES;
				CLANG_ANALYZER_NONNULL = YES;
				CLANG_ANALYZER_NUMBER_OBJECT_CONVERSION = YES_AGGRESSIVE;
				CLANG_CXX_LANGUAGE_STANDARD = "gnu++20";
				CLANG_ENABLE_MODULES = YES;
				CLANG_ENABLE_OBJC_ARC = YES;
				CLANG_ENABLE_OBJC_WEAK = YES;
				CLANG_WARN_BLOCK_CAPTURE_AUTORELEASING = YES;
				CLANG_WARN_BOOL_CONVERSION = YES;
				CLANG_WARN_COMMA = YES;
				CLANG_WARN_CONSTANT_CONVERSION = YES;
				CLANG_WARN_DEPRECATED_OBJC_IMPLEMENTATIONS = YES;
				CLANG_WARN_DIRECT_OBJC_ISA_USAGE = YES_ERROR;
				CLANG_WARN_DOCUMENTATION_COMMENTS = YES;
				CLANG_WARN_EMPTY_BODY = YES;
				CLANG_WARN_ENUM_CONVERSION = YES;
				CLANG_WARN_INFINITE_RECURSION = YES;
				CLANG_WARN_INT_CONVERSION = YES;
				CLANG_WARN_NON_LITERAL_NULL_CONVERSION = YES;
				CLANG_WARN_OBJC_IMPLICIT_RETAIN_SELF = YES;
				CLANG_WARN_OBJC_LITERAL_CONVERSION = YES;
				CLANG_WARN_OBJC_ROOT_CLASS = YES_ERROR;
				CLANG_WARN_QUOTED_INCLUDE_IN_FRAMEWORK_HEADER = YES;
				CLANG_WARN_RANGE_LOOP_ANALYSIS = YES;
				CLANG_WARN_STRICT_PROTOTYPES = YES;
				CLANG_WARN_SUSPICIOUS_MOVE = YES;
				CLANG_WARN_UNGUARDED_AVAILABILITY = YES_AGGRESSIVE;
				CLANG_WARN_UNREACHABLE_CODE = YES;
				CLANG_WARN__DUPLICATE_METHOD_MATCH = YES;
				COPY_PHASE_STRIP = NO;
				DEBUG_INFORMATION_FORMAT = dwarf;
				DEVELOPMENT_TEAM = KM4ATH56TL;
				ENABLE_STRICT_OBJC_MSGSEND = YES;
				ENABLE_TESTABILITY = YES;
				ENABLE_USER_SCRIPT_SANDBOXING = YES;
				GCC_C_LANGUAGE_STANDARD = gnu17;
				GCC_DYNAMIC_NO_PIC = NO;
				GCC_NO_COMMON_BLOCKS = YES;
				GCC_OPTIMIZATION_LEVEL = 0;
				GCC_PREPROCESSOR_DEFINITIONS = (
					"DEBUG=1",
					"$(inherited)",
				);
				GCC_WARN_64_TO_32_BIT_CONVERSION = YES;
				GCC_WARN_ABOUT_RETURN_TYPE = YES_ERROR;
				GCC_WARN_UNDECLARED_SELECTOR = YES;
				GCC_WARN_UNINITIALIZED_AUTOS = YES_AGGRESSIVE;
				GCC_WARN_UNUSED_FUNCTION = YES;
				GCC_WARN_UNUSED_VARIABLE = YES;
				LOCALIZATION_PREFERS_STRING_CATALOGS = YES;
				MTL_ENABLE_DEBUG_INFO = INCLUDE_SOURCE;
				MTL_FAST_MATH = YES;
				ONLY_ACTIVE_ARCH = YES;
				SWIFT_ACTIVE_COMPILATION_CONDITIONS = "DEBUG $(inherited)";
				SWIFT_OPTIMIZATION_LEVEL = "-Onone";
			};
			name = Debug;
		};
		17A672B22F17CA4200DE309B /* Release */ = {
			isa = XCBuildConfiguration;
			buildSettings = {
				ALWAYS_SEARCH_USER_PATHS = NO;
				ASSETCATALOG_COMPILER_GENERATE_SWIFT_ASSET_SYMBOL_EXTENSIONS = YES;
				CLANG_ANALYZER_NONNULL = YES;
				CLANG_ANALYZER_NUMBER_OBJECT_CONVERSION = YES_AGGRESSIVE;
				CLANG_CXX_LANGUAGE_STANDARD = "gnu++20";
				CLANG_ENABLE_MODULES = YES;
				CLANG_ENABLE_OBJC_ARC = YES;
				CLANG_ENABLE_OBJC_WEAK = YES;
				CLANG_WARN_BLOCK_CAPTURE_AUTORELEASING = YES;
				CLANG_WARN_BOOL_CONVERSION = YES;
				CLANG_WARN_COMMA = YES;
				CLANG_WARN_CONSTANT_CONVERSION = YES;
				CLANG_WARN_DEPRECATED_OBJC_IMPLEMENTATIONS = YES;
				CLANG_WARN_DIRECT_OBJC_ISA_USAGE = YES_ERROR;
				CLANG_WARN_DOCUMENTATION_COMMENTS = YES;
				CLANG_WARN_EMPTY_BODY = YES;
				CLANG_WARN_ENUM_CONVERSION = YES;
				CLANG_WARN_INFINITE_RECURSION = YES;
				CLANG_WARN_INT_CONVERSION = YES;
				CLANG_WARN_NON_LITERAL_NULL_CONVERSION = YES;
				CLANG_WARN_OBJC_IMPLICIT_RETAIN_SELF = YES;
				CLANG_WARN_OBJC_LITERAL_CONVERSION = YES;
				CLANG_WARN_OBJC_ROOT_CLASS = YES_ERROR;
				CLANG_WARN_QUOTED_INCLUDE_IN_FRAMEWORK_HEADER = YES;
				CLANG_WARN_RANGE_LOOP_ANALYSIS = YES;
				CLANG_WARN_STRICT_PROTOTYPES = YES;
				CLANG_WARN_SUSPICIOUS_MOVE = YES;
				CLANG_WARN_UNGUARDED_AVAILABILITY = YES_AGGRESSIVE;
				CLANG_WARN_UNREACHABLE_CODE = YES;
				CLANG_WARN__DUPLICATE_METHOD_MATCH = YES;
				COPY_PHASE_STRIP = NO;
				DEBUG_INFORMATION_FORMAT = "dwarf-with-dsym";
				DEVELOPMENT_TEAM = KM4ATH56TL;
				ENABLE_NS_ASSERTIONS = NO;
				ENABLE_STRICT_OBJC_MSGSEND = YES;
				ENABLE_USER_SCRIPT_SANDBOXING = YES;
				GCC_C_LANGUAGE_STANDARD = gnu17;
				GCC_NO_COMMON_BLOCKS = YES;
				GCC_WARN_64_TO_32_BIT_CONVERSION = YES;
				GCC_WARN_ABOUT_RETURN_TYPE = YES_ERROR;
				GCC_WARN_UNDECLARED_SELECTOR = YES;
				GCC_WARN_UNINITIALIZED_AUTOS = YES_AGGRESSIVE;
				GCC_WARN_UNUSED_FUNCTION = YES;
				GCC_WARN_UNUSED_VARIABLE = YES;
				LOCALIZATION_PREFERS_STRING_CATALOGS = YES;
				MTL_ENABLE_DEBUG_INFO = NO;
				MTL_FAST_MATH = YES;
				SWIFT_COMPILATION_MODE = wholemodule;
			};
			name = Release;
		};
		17A672B42F17CA4200DE309B /* Debug */ = {
			isa = XCBuildConfiguration;
			buildSettings = {
				ASSETCATALOG_COMPILER_APPICON_NAME = AppIcon;
				ASSETCATALOG_COMPILER_GLOBAL_ACCENT_COLOR_NAME = AccentColor;
				CODE_SIGN_STYLE = Automatic;
				CURRENT_PROJECT_VERSION = 1;
				DEVELOPMENT_TEAM = KM4ATH56TL;
				ENABLE_PREVIEWS = YES;
				GENERATE_INFOPLIST_FILE = YES;
				INFOPLIST_KEY_CFBundleDisplayName = "Music Colours";
				INFOPLIST_KEY_UISupportedInterfaceOrientations = "UIInterfaceOrientationPortrait UIInterfaceOrientationPortraitUpsideDown";
				INFOPLIST_KEY_WKWatchOnly = YES;
				LD_RUNPATH_SEARCH_PATHS = (
					"$(inherited)",
					"@executable_path/Frameworks",
				);
				MARKETING_VERSION = 1.0;
				PRODUCT_BUNDLE_IDENTIFIER = io.webaby.musiccolours.watchapp;
				PRODUCT_NAME = "$(TARGET_NAME)";
				SDKROOT = watchos;
				SKIP_INSTALL = YES;
				STRING_CATALOG_GENERATE_SYMBOLS = YES;
				SWIFT_APPROACHABLE_CONCURRENCY = YES;
				SWIFT_DEFAULT_ACTOR_ISOLATION = MainActor;
				SWIFT_EMIT_LOC_STRINGS = YES;
				SWIFT_UPCOMING_FEATURE_MEMBER_IMPORT_VISIBILITY = YES;
				SWIFT_VERSION = 5.0;
				TARGETED_DEVICE_FAMILY = 4;
				WATCHOS_DEPLOYMENT_TARGET = 26.2;
			};
			name = Debug;
		};
		17A672B52F17CA4200DE309B /* Release */ = {
			isa = XCBuildConfiguration;
			buildSettings = {
				ASSETCATALOG_COMPILER_APPICON_NAME = AppIcon;
				ASSETCATALOG_COMPILER_GLOBAL_ACCENT_COLOR_NAME = AccentColor;
				CODE_SIGN_STYLE = Automatic;
				CURRENT_PROJECT_VERSION = 1;
				DEVELOPMENT_TEAM = KM4ATH56TL;
				ENABLE_PREVIEWS = YES;
				GENERATE_INFOPLIST_FILE = YES;
				INFOPLIST_KEY_CFBundleDisplayName = "Music Colours";
				INFOPLIST_KEY_UISupportedInterfaceOrientations = "UIInterfaceOrientationPortrait UIInterfaceOrientationPortraitUpsideDown";
				INFOPLIST_KEY_WKWatchOnly = YES;
				LD_RUNPATH_SEARCH_PATHS = (
					"$(inherited)",
					"@executable_path/Frameworks",
				);
				MARKETING_VERSION = 1.0;
				PRODUCT_BUNDLE_IDENTIFIER = io.webaby.musiccolours.watchapp;
				PRODUCT_NAME = "$(TARGET_NAME)";
				SDKROOT = watchos;
				SKIP_INSTALL = YES;
				STRING_CATALOG_GENERATE_SYMBOLS = YES;
				SWIFT_APPROACHABLE_CONCURRENCY = YES;
				SWIFT_DEFAULT_ACTOR_ISOLATION = MainActor;
				SWIFT_EMIT_LOC_STRINGS = YES;
				SWIFT_UPCOMING_FEATURE_MEMBER_IMPORT_VISIBILITY = YES;
				SWIFT_VERSION = 5.0;
				TARGETED_DEVICE_FAMILY = 4;
				VALIDATE_PRODUCT = YES;
				WATCHOS_DEPLOYMENT_TARGET = 26.2;
			};
			name = Release;
		};
		17A672B82F17CA4200DE309B /* Debug */ = {
			isa = XCBuildConfiguration;
			buildSettings = {
				ASSETCATALOG_COMPILER_APPICON_NAME = AppIcon;
				CODE_SIGN_STYLE = Automatic;
				CURRENT_PROJECT_VERSION = 1;
				DEVELOPMENT_TEAM = KM4ATH56TL;
				GENERATE_INFOPLIST_FILE = YES;
				INFOPLIST_KEY_CFBundleDisplayName = "Music Colours";
				MARKETING_VERSION = 1.0;
				PRODUCT_BUNDLE_IDENTIFIER = io.webaby.musiccolours;
				PRODUCT_NAME = "$(TARGET_NAME)";
				SDKROOT = iphoneos;
				SWIFT_APPROACHABLE_CONCURRENCY = YES;
				SWIFT_UPCOMING_FEATURE_MEMBER_IMPORT_VISIBILITY = YES;
				SWIFT_VERSION = 5.0;
				TARGETED_DEVICE_FAMILY = 1;
			};
			name = Debug;
		};
		17A672B92F17CA4200DE309B /* Release */ = {
			isa = XCBuildConfiguration;
			buildSettings = {
				ASSETCATALOG_COMPILER_APPICON_NAME = AppIcon;
				CODE_SIGN_STYLE = Automatic;
				CURRENT_PROJECT_VERSION = 1;
				DEVELOPMENT_TEAM = KM4ATH56TL;
				GENERATE_INFOPLIST_FILE = YES;
				INFOPLIST_KEY_CFBundleDisplayName = "Music Colours";
				MARKETING_VERSION = 1.0;
				PRODUCT_BUNDLE_IDENTIFIER = io.webaby.musiccolours;
				PRODUCT_NAME = "$(TARGET_NAME)";
				SDKROOT = iphoneos;
				SWIFT_APPROACHABLE_CONCURRENCY = YES;
				SWIFT_UPCOMING_FEATURE_MEMBER_IMPORT_VISIBILITY = YES;
				SWIFT_VERSION = 5.0;
				TARGETED_DEVICE_FAMILY = 1;
				VALIDATE_PRODUCT = YES;
			};
			name = Release;
		};
		1B1BB5A8936D4609A3EA33FA /* Debug */ = {
			isa = XCBuildConfiguration;
			buildSettings = {
				BUNDLE_LOADER = "$(TEST_HOST)";
				CODE_SIGN_STYLE = Automatic;
				CURRENT_PROJECT_VERSION = 1;
				DEVELOPMENT_TEAM = KM4ATH56TL;
				GENERATE_INFOPLIST_FILE = YES;
				INFOPLIST_KEY_CFBundleDisplayName = MusicColoursTests;
				LD_RUNPATH_SEARCH_PATHS = (
					"$(inherited)",
					"@executable_path/Frameworks",
					"@loader_path/Frameworks",
				);
				MARKETING_VERSION = 1.0;
				PRODUCT_BUNDLE_IDENTIFIER = io.webaby.musiccolours.watchappTests;
				PRODUCT_NAME = "$(TARGET_NAME)";
				SDKROOT = watchos;
				SKIP_INSTALL = YES;
				SWIFT_VERSION = 5.0;
				TARGETED_DEVICE_FAMILY = 4;
				TEST_HOST = "$(BUILT_PRODUCTS_DIR)/MusicColours Watch App.app/MusicColours Watch App";
				WATCHOS_DEPLOYMENT_TARGET = 26.2;
			};
			name = Debug;
		};
		72066E680B8145D3991F9059 /* Release */ = {
			isa = XCBuildConfiguration;
			buildSettings = {
				BUNDLE_LOADER = "$(TEST_HOST)";
				CODE_SIGN_STYLE = Automatic;
				CURRENT_PROJECT_VERSION = 1;
				DEVELOPMENT_TEAM = KM4ATH56TL;
				GENERATE_INFOPLIST_FILE = YES;
				INFOPLIST_KEY_CFBundleDisplayName = MusicColoursTests;
				LD_RUNPATH_SEARCH_PATHS = (
					"$(inherited)",
					"@executable_path/Frameworks",
					"@loader_path/Frameworks",
				);
				MARKETING_VERSION = 1.0;
				PRODUCT_BUNDLE_IDENTIFIER = io.webaby.musiccolours.watchappTests;
				PRODUCT_NAME = "$(TARGET_NAME)";
				SDKROOT = watchos;
				SKIP_INSTALL = YES;
				SWIFT_VERSION = 5.0;
				TARGETED_DEVICE_FAMILY = 4;
				TEST_HOST = "$(BUILT_PRODUCTS_DIR)/MusicColours Watch App.app/MusicColours Watch App";
				VALIDATE_PRODUCT = YES;
				WATCHOS_DEPLOYMENT_TARGET = 26.2;
			};
			name = Release;
		};
		78415D89EB4146EF82661D76 /* Debug */ = {
			isa = XCBuildConfiguration;
			buildSettings = {
				CODE_SIGN_STYLE = Automatic;
				CURRENT_PROJECT_VERSION = 1;
				DEVELOPMENT_TEAM = KM4ATH56TL;
				GENERATE_INFOPLIST_FILE = YES;
				INFOPLIST_KEY_CFBundleDisplayName = MusicColoursUITests;
				LD_RUNPATH_SEARCH_PATHS = (
					"$(inherited)",
					"@executable_path/Frameworks",
					"@loader_path/Frameworks",
				);
				MARKETING_VERSION = 1.0;
				PRODUCT_BUNDLE_IDENTIFIER = io.webaby.musiccolours.watchappUITests;
				PRODUCT_NAME = "$(TARGET_NAME)";
				SDKROOT = watchos;
				SKIP_INSTALL = YES;
				SWIFT_VERSION = 5.0;
				TARGETED_DEVICE_FAMILY = 4;
				TEST_TARGET_NAME = "MusicColours Watch App";
				WATCHOS_DEPLOYMENT_TARGET = 26.2;
			};
			name = Debug;
		};
		CA25BB72302749B8B8B2B4EF /* Release */ = {
			isa = XCBuildConfiguration;
			buildSettings = {
				CODE_SIGN_STYLE = Automatic;
				CURRENT_PROJECT_VERSION = 1;
				DEVELOPMENT_TEAM = KM4ATH56TL;
				GENERATE_INFOPLIST_FILE = YES;
				INFOPLIST_KEY_CFBundleDisplayName = MusicColoursUITests;
				LD_RUNPATH_SEARCH_PATHS = (
					"$(inherited)",
					"@executable_path/Frameworks",
					"@loader_path/Frameworks",
				);
				MARKETING_VERSION = 1.0;
				PRODUCT_BUNDLE_IDENTIFIER = io.webaby.musiccolours.watchappUITests;
				PRODUCT_NAME = "$(TARGET_NAME)";
				SDKROOT = watchos;
				SKIP_INSTALL = YES;
				SWIFT_VERSION = 5.0;
				TARGETED_DEVICE_FAMILY = 4;
				TEST_TARGET_NAME = "MusicColours Watch App";
				VALIDATE_PRODUCT = YES;
				WATCHOS_DEPLOYMENT_TARGET = 26.2;
			};
			name = Release;
		};
/* End XCBuildConfiguration section */

/* Begin XCConfigurationList section */
		084D3745845A4785AAF34248 /* Build configuration list for PBXNativeTarget "MusicColoursTests" */ = {
			isa = XCConfigurationList;
			buildConfigurations = (
				1B1BB5A8936D4609A3EA33FA /* Debug */,
				72066E680B8145D3991F9059 /* Release */,
			);
			defaultConfigurationIsVisible = 0;
			defaultConfigurationName = Release;
		};
		1771CC832F37DAE500E1F036 /* Build configuration list for PBXNativeTarget "MusicColoursIOS" */ = {
			isa = XCConfigurationList;
			buildConfigurations = (
				1771CC812F37DAE500E1F036 /* Debug */,
				1771CC822F37DAE500E1F036 /* Release */,
			);
			defaultConfigurationIsVisible = 0;
			defaultConfigurationName = Release;
		};
		17A6729D2F17CA4000DE309B /* Build configuration list for PBXProject "MusicColours" */ = {
			isa = XCConfigurationList;
			buildConfigurations = (
				17A672B12F17CA4200DE309B /* Debug */,
				17A672B22F17CA4200DE309B /* Release */,
			);
			defaultConfigurationIsVisible = 0;
			defaultConfigurationName = Release;
		};
		17A672B32F17CA4200DE309B /* Build configuration list for PBXNativeTarget "MusicColours Watch App" */ = {
			isa = XCConfigurationList;
			buildConfigurations = (
				17A672B42F17CA4200DE309B /* Debug */,
				17A672B52F17CA4200DE309B /* Release */,
			);
			defaultConfigurationIsVisible = 0;
			defaultConfigurationName = Release;
		};
		17A672B72F17CA4200DE309B /* Build configuration list for PBXNativeTarget "MusicColours" */ = {
			isa = XCConfigurationList;
			buildConfigurations = (
				17A672B82F17CA4200DE309B /* Debug */,
				17A672B92F17CA4200DE309B /* Release */,
			);
			defaultConfigurationIsVisible = 0;
			defaultConfigurationName = Release;
		};
		C9A57D32004740E7928E5BF6 /* Build configuration list for PBXNativeTarget "MusicColoursUITests" */ = {
			isa = XCConfigurationList;
			buildConfigurations = (
				78415D89EB4146EF82661D76 /* Debug */,
				CA25BB72302749B8B8B2B4EF /* Release */,
			);
			defaultConfigurationIsVisible = 0;
			defaultConfigurationName = Release;
		};
/* End XCConfigurationList section */
	};
	rootObject = 17A6729A2F17CA4000DE309B /* Project object */;
}
